// !$*UTF8*$!
{
	archiveVersion = 1;
	classes = {
	};
	objectVersion = 51;
	objects = {

/* Begin PBXBuildFile section */
		2B721C9F22B9EE61002F3036 /* AppDelegate.swift in Sources */ = {isa = PBXBuildFile; fileRef = 2B721C9E22B9EE61002F3036 /* AppDelegate.swift */; };
		2B721CA122B9EE61002F3036 /* ViewController.swift in Sources */ = {isa = PBXBuildFile; fileRef = 2B721CA022B9EE61002F3036 /* ViewController.swift */; };
		2B721CA422B9EE61002F3036 /* Main.storyboard in Resources */ = {isa = PBXBuildFile; fileRef = 2B721CA222B9EE61002F3036 /* Main.storyboard */; };
		2B721CA722B9EE61002F3036 /* Marvel_alamo.xcdatamodeld in Sources */ = {isa = PBXBuildFile; fileRef = 2B721CA522B9EE61002F3036 /* Marvel_alamo.xcdatamodeld */; };
		2B721CA922B9EE64002F3036 /* Assets.xcassets in Resources */ = {isa = PBXBuildFile; fileRef = 2B721CA822B9EE64002F3036 /* Assets.xcassets */; };
		2B721CAC22B9EE64002F3036 /* LaunchScreen.storyboard in Resources */ = {isa = PBXBuildFile; fileRef = 2B721CAA22B9EE64002F3036 /* LaunchScreen.storyboard */; };
		2B721CB422B9F47F002F3036 /* MarvelCell.swift in Sources */ = {isa = PBXBuildFile; fileRef = 2B721CB322B9F47F002F3036 /* MarvelCell.swift */; };
		821D6509B7E6EF5858EBFCF8 /* Pods_Marvel_alamo.framework in Frameworks */ = {isa = PBXBuildFile; fileRef = 9F69802FCDD7F22992C4F1E8 /* Pods_Marvel_alamo.framework */; };
/* End PBXBuildFile section */

/* Begin PBXFileReference section */
		2B721C9B22B9EE61002F3036 /* Marvel_alamo.app */ = {isa = PBXFileReference; explicitFileType = wrapper.application; includeInIndex = 0; path = Marvel_alamo.app; sourceTree = BUILT_PRODUCTS_DIR; };
		2B721C9E22B9EE61002F3036 /* AppDelegate.swift */ = {isa = PBXFileReference; lastKnownFileType = sourcecode.swift; path = AppDelegate.swift; sourceTree = "<group>"; };
		2B721CA022B9EE61002F3036 /* ViewController.swift */ = {isa = PBXFileReference; lastKnownFileType = sourcecode.swift; path = ViewController.swift; sourceTree = "<group>"; };
		2B721CA322B9EE61002F3036 /* Base */ = {isa = PBXFileReference; lastKnownFileType = file.storyboard; name = Base; path = Base.lproj/Main.storyboard; sourceTree = "<group>"; };
		2B721CA622B9EE61002F3036 /* Marvel_alamo.xcdatamodel */ = {isa = PBXFileReference; lastKnownFileType = wrapper.xcdatamodel; path = Marvel_alamo.xcdatamodel; sourceTree = "<group>"; };
		2B721CA822B9EE64002F3036 /* Assets.xcassets */ = {isa = PBXFileReference; lastKnownFileType = folder.assetcatalog; path = Assets.xcassets; sourceTree = "<group>"; };
		2B721CAB22B9EE64002F3036 /* Base */ = {isa = PBXFileReference; lastKnownFileType = file.storyboard; name = Base; path = Base.lproj/LaunchScreen.storyboard; sourceTree = "<group>"; };
		2B721CAD22B9EE64002F3036 /* Info.plist */ = {isa = PBXFileReference; lastKnownFileType = text.plist.xml; path = Info.plist; sourceTree = "<group>"; };
		2B721CB322B9F47F002F3036 /* MarvelCell.swift */ = {isa = PBXFileReference; lastKnownFileType = sourcecode.swift; path = MarvelCell.swift; sourceTree = "<group>"; };
		347E0B39163DFA2252401951 /* Pods-Marvel_alamo.release.xcconfig */ = {isa = PBXFileReference; includeInIndex = 1; lastKnownFileType = text.xcconfig; name = "Pods-Marvel_alamo.release.xcconfig"; path = "Target Support Files/Pods-Marvel_alamo/Pods-Marvel_alamo.release.xcconfig"; sourceTree = "<group>"; };
		9F69802FCDD7F22992C4F1E8 /* Pods_Marvel_alamo.framework */ = {isa = PBXFileReference; explicitFileType = wrapper.framework; includeInIndex = 0; path = Pods_Marvel_alamo.framework; sourceTree = BUILT_PRODUCTS_DIR; };
		A9719C583ED9343E7B0190C8 /* Pods-Marvel_alamo.debug.xcconfig */ = {isa = PBXFileReference; includeInIndex = 1; lastKnownFileType = text.xcconfig; name = "Pods-Marvel_alamo.debug.xcconfig"; path = "Target Support Files/Pods-Marvel_alamo/Pods-Marvel_alamo.debug.xcconfig"; sourceTree = "<group>"; };
/* End PBXFileReference section */

/* Begin PBXFrameworksBuildPhase section */
		2B721C9822B9EE61002F3036 /* Frameworks */ = {
			isa = PBXFrameworksBuildPhase;
			buildActionMask = 2147483647;
			files = (
				821D6509B7E6EF5858EBFCF8 /* Pods_Marvel_alamo.framework in Frameworks */,
			);
			runOnlyForDeploymentPostprocessing = 0;
		};
/* End PBXFrameworksBuildPhase section */

/* Begin PBXGroup section */
		2B721C9222B9EE61002F3036 = {
			isa = PBXGroup;
			children = (
				2B721C9D22B9EE61002F3036 /* Marvel_alamo */,
				2B721C9C22B9EE61002F3036 /* Products */,
				6FE0B43205822CE2F1024CF2 /* Pods */,
				C002867E16D0813B4B178801 /* Frameworks */,
			);
			sourceTree = "<group>";
		};
		2B721C9C22B9EE61002F3036 /* Products */ = {
			isa = PBXGroup;
			children = (
				2B721C9B22B9EE61002F3036 /* Marvel_alamo.app */,
			);
			name = Products;
			sourceTree = "<group>";
		};
		2B721C9D22B9EE61002F3036 /* Marvel_alamo */ = {
			isa = PBXGroup;
			children = (
				2B721C9E22B9EE61002F3036 /* AppDelegate.swift */,
				2B721CA022B9EE61002F3036 /* ViewController.swift */,
				2B721CA222B9EE61002F3036 /* Main.storyboard */,
				2B721CB322B9F47F002F3036 /* MarvelCell.swift */,
				2B721CA822B9EE64002F3036 /* Assets.xcassets */,
				2B721CAA22B9EE64002F3036 /* LaunchScreen.storyboard */,
				2B721CAD22B9EE64002F3036 /* Info.plist */,
				2B721CA522B9EE61002F3036 /* Marvel_alamo.xcdatamodeld */,
			);
			path = Marvel_alamo;
			sourceTree = "<group>";
		};
		6FE0B43205822CE2F1024CF2 /* Pods */ = {
			isa = PBXGroup;
			children = (
				A9719C583ED9343E7B0190C8 /* Pods-Marvel_alamo.debug.xcconfig */,
				347E0B39163DFA2252401951 /* Pods-Marvel_alamo.release.xcconfig */,
			);
			path = Pods;
			sourceTree = "<group>";
		};
		C002867E16D0813B4B178801 /* Frameworks */ = {
			isa = PBXGroup;
			children = (
				9F69802FCDD7F22992C4F1E8 /* Pods_Marvel_alamo.framework */,
			);
			name = Frameworks;
			sourceTree = "<group>";
		};
/* End PBXGroup section */

/* Begin PBXNativeTarget section */
		2B721C9A22B9EE61002F3036 /* Marvel_alamo */ = {
			isa = PBXNativeTarget;
			buildConfigurationList = 2B721CB022B9EE64002F3036 /* Build configuration list for PBXNativeTarget "Marvel_alamo" */;
			buildPhases = (
				9306F4C51765CE3440C10177 /* [CP] Check Pods Manifest.lock */,
				2B721C9722B9EE61002F3036 /* Sources */,
				2B721C9822B9EE61002F3036 /* Frameworks */,
				2B721C9922B9EE61002F3036 /* Resources */,
				F9D60DAB57623DA7BA3795CB /* [CP] Embed Pods Frameworks */,
			);
			buildRules = (
			);
			dependencies = (
			);
			name = Marvel_alamo;
			productName = Marvel_alamo;
			productReference = 2B721C9B22B9EE61002F3036 /* Marvel_alamo.app */;
			productType = "com.apple.product-type.application";
		};
/* End PBXNativeTarget section */

/* Begin PBXProject section */
		2B721C9322B9EE61002F3036 /* Project object */ = {
			isa = PBXProject;
			attributes = {
				LastSwiftUpdateCheck = 1020;
				LastUpgradeCheck = 1020;
				ORGANIZATIONNAME = "JIJO G OOMMEN";
				TargetAttributes = {
					2B721C9A22B9EE61002F3036 = {
						CreatedOnToolsVersion = 10.2.1;
					};
				};
			};
			buildConfigurationList = 2B721C9622B9EE61002F3036 /* Build configuration list for PBXProject "Marvel_alamo" */;
			compatibilityVersion = "Xcode 9.3";
			developmentRegion = en;
			hasScannedForEncodings = 0;
			knownRegions = (
				en,
				Base,
			);
			mainGroup = 2B721C9222B9EE61002F3036;
			productRefGroup = 2B721C9C22B9EE61002F3036 /* Products */;
			projectDirPath = "";
			projectRoot = "";
			targets = (
				2B721C9A22B9EE61002F3036 /* Marvel_alamo */,
			);
		};
/* End PBXProject section */

/* Begin PBXResourcesBuildPhase section */
		2B721C9922B9EE61002F3036 /* Resources */ = {
			isa = PBXResourcesBuildPhase;
			buildActionMask = 2147483647;
			files = (
				2B721CAC22B9EE64002F3036 /* LaunchScreen.storyboard in Resources */,
				2B721CA922B9EE64002F3036 /* Assets.xcassets in Resources */,
				2B721CA422B9EE61002F3036 /* Main.storyboard in Resources */,
			);
			runOnlyForDeploymentPostprocessing = 0;
		};
/* End PBXResourcesBuildPhase section */

/* Begin PBXShellScriptBuildPhase section */
		9306F4C51765CE3440C10177 /* [CP] Check Pods Manifest.lock */ = {
			isa = PBXShellScriptBuildPhase;
			buildActionMask = 2147483647;
			files = (
			);
			inputFileListPaths = (
			);
			inputPaths = (
				"${PODS_PODFILE_DIR_PATH}/Podfile.lock",
				"${PODS_ROOT}/Manifest.lock",
			);
			name = "[CP] Check Pods Manifest.lock";
			outputFileListPaths = (
			);
			outputPaths = (
				"$(DERIVED_FILE_DIR)/Pods-Marvel_alamo-checkManifestLockResult.txt",
			);
			runOnlyForDeploymentPostprocessing = 0;
			shellPath = /bin/sh;
			shellScript = "diff \"${PODS_PODFILE_DIR_PATH}/Podfile.lock\" \"${PODS_ROOT}/Manifest.lock\" > /dev/null\nif [ $? != 0 ] ; then\n    # print error to STDERR\n    echo \"error: The sandbox is not in sync with the Podfile.lock. Run 'pod install' or update your CocoaPods installation.\" >&2\n    exit 1\nfi\n# This output is used by Xcode 'outputs' to avoid re-running this script phase.\necho \"SUCCESS\" > \"${SCRIPT_OUTPUT_FILE_0}\"\n";
			showEnvVarsInLog = 0;
		};
		F9D60DAB57623DA7BA3795CB /* [CP] Embed Pods Frameworks */ = {
			isa = PBXShellScriptBuildPhase;
			buildActionMask = 2147483647;
			files = (
			);
			inputFileListPaths = (
				"${PODS_ROOT}/Target Support Files/Pods-Marvel_alamo/Pods-Marvel_alamo-frameworks-${CONFIGURATION}-input-files.xcfilelist",
			);
			name = "[CP] Embed Pods Frameworks";
			outputFileListPaths = (
				"${PODS_ROOT}/Target Support Files/Pods-Marvel_alamo/Pods-Marvel_alamo-frameworks-${CONFIGURATION}-output-files.xcfilelist",
			);
			runOnlyForDeploymentPostprocessing = 0;
			shellPath = /bin/sh;
			shellScript = "\"${PODS_ROOT}/Target Support Files/Pods-Marvel_alamo/Pods-Marvel_alamo-frameworks.sh\"\n";
			showEnvVarsInLog = 0;
		};
/* End PBXShellScriptBuildPhase section */

/* Begin PBXSourcesBuildPhase section */
		2B721C9722B9EE61002F3036 /* Sources */ = {
			isa = PBXSourcesBuildPhase;
			buildActionMask = 2147483647;
			files = (
				2B721CA122B9EE61002F3036 /* ViewController.swift in Sources */,
				2B721C9F22B9EE61002F3036 /* AppDelegate.swift in Sources */,
				2B721CB422B9F47F002F3036 /* MarvelCell.swift in Sources */,
				2B721CA722B9EE61002F3036 /* Marvel_alamo.xcdatamodeld in Sources */,
			);
			runOnlyForDeploymentPostprocessing = 0;
		};
/* End PBXSourcesBuildPhase section */

/* Begin PBXVariantGroup section */
		2B721CA222B9EE61002F3036 /* Main.storyboard */ = {
			isa = PBXVariantGroup;
			children = (
				2B721CA322B9EE61002F3036 /* Base */,
			);
			name = Main.storyboard;
			sourceTree = "<group>";
		};
		2B721CAA22B9EE64002F3036 /* LaunchScreen.storyboard */ = {
			isa = PBXVariantGroup;
			children = (
				2B721CAB22B9EE64002F3036 /* Base */,
			);
			name = LaunchScreen.storyboard;
			sourceTree = "<group>";
		};
/* End PBXVariantGroup section */

/* Begin XCBuildConfiguration section */
		2B721CAE22B9EE64002F3036 /* Debug */ = {
			isa = XCBuildConfiguration;
			buildSettings = {
				ALWAYS_SEARCH_USER_PATHS = NO;
				CLANG_ANALYZER_NONNULL = YES;
				CLANG_ANALYZER_NUMBER_OBJECT_CONVERSION = YES_AGGRESSIVE;
				CLANG_CXX_LANGUAGE_STANDARD = "gnu++14";
				CLANG_CXX_LIBRARY = "libc++";
				CLANG_ENABLE_MODULES = YES;
				CLANG_ENABLE_OBJC_ARC = YES;
				CLANG_ENABLE_OBJC_WEAK = YES;
				CLANG_WARN_BLOCK_CAPTURE_AUTORELEASING = YES;
				CLANG_WARN_BOOL_CONVERSION = YES;
				CLANG_WARN_COMMA = YES;
				CLANG_WARN_CONSTANT_CONVERSION = YES;
				CLANG_WARN_DEPRECATED_OBJC_IMPLEMENTATIONS = YES;
				CLANG_WARN_DIRECT_OBJC_ISA_USAGE = YES_ERROR;
				CLANG_WARN_DOCUMENTATION_COMMENTS = YES;
				CLANG_WARN_EMPTY_BODY = YES;
				CLANG_WARN_ENUM_CONVERSION = YES;
				CLANG_WARN_INFINITE_RECURSION = YES;
				CLANG_WARN_INT_CONVERSION = YES;
				CLANG_WARN_NON_LITERAL_NULL_CONVERSION = YES;
				CLANG_WARN_OBJC_IMPLICIT_RETAIN_SELF = YES;
				CLANG_WARN_OBJC_LITERAL_CONVERSION = YES;
				CLANG_WARN_OBJC_ROOT_CLASS = YES_ERROR;
				CLANG_WARN_RANGE_LOOP_ANALYSIS = YES;
				CLANG_WARN_STRICT_PROTOTYPES = YES;
				CLANG_WARN_SUSPICIOUS_MOVE = YES;
				CLANG_WARN_UNGUARDED_AVAILABILITY = YES_AGGRESSIVE;
				CLANG_WARN_UNREACHABLE_CODE = YES;
				CLANG_WARN__DUPLICATE_METHOD_MATCH = YES;
				CODE_SIGN_IDENTITY = "iPhone Developer";
				COPY_PHASE_STRIP = NO;
				DEBUG_INFORMATION_FORMAT = dwarf;
				ENABLE_STRICT_OBJC_MSGSEND = YES;
				ENABLE_TESTABILITY = YES;
				GCC_C_LANGUAGE_STANDARD = gnu11;
				GCC_DYNAMIC_NO_PIC = NO;
				GCC_NO_COMMON_BLOCKS = YES;
				GCC_OPTIMIZATION_LEVEL = 0;
				GCC_PREPROCESSOR_DEFINITIONS = (
					"DEBUG=1",
					"$(inherited)",
				);
				GCC_WARN_64_TO_32_BIT_CONVERSION = YES;
				GCC_WARN_ABOUT_RETURN_TYPE = YES_ERROR;
				GCC_WARN_UNDECLARED_SELECTOR = YES;
				GCC_WARN_UNINITIALIZED_AUTOS = YES_AGGRESSIVE;
				GCC_WARN_UNUSED_FUNCTION = YES;
				GCC_WARN_UNUSED_VARIABLE = YES;
				IPHONEOS_DEPLOYMENT_TARGET = 12.2;
				MTL_ENABLE_DEBUG_INFO = INCLUDE_SOURCE;
				MTL_FAST_MATH = YES;
				ONLY_ACTIVE_ARCH = YES;
				SDKROOT = iphoneos;
				SWIFT_ACTIVE_COMPILATION_CONDITIONS = DEBUG;
				SWIFT_OPTIMIZATION_LEVEL = "-Onone";
			};
			name = Debug;
		};
		2B721CAF22B9EE64002F3036 /* Release */ = {
			isa = XCBuildConfiguration;
			buildSettings = {
				ALWAYS_SEARCH_USER_PATHS = NO;
				CLANG_ANALYZER_NONNULL = YES;
				CLANG_ANALYZER_NUMBER_OBJECT_CONVERSION = YES_AGGRESSIVE;
				CLANG_CXX_LANGUAGE_STANDARD = "gnu++14";
				CLANG_CXX_LIBRARY = "libc++";
				CLANG_ENABLE_MODULES = YES;
				CLANG_ENABLE_OBJC_ARC = YES;
				CLANG_ENABLE_OBJC_WEAK = YES;
				CLANG_WARN_BLOCK_CAPTURE_AUTORELEASING = YES;
				CLANG_WARN_BOOL_CONVERSION = YES;
				CLANG_WARN_COMMA = YES;
				CLANG_WARN_CONSTANT_CONVERSION = YES;
				CLANG_WARN_DEPRECATED_OBJC_IMPLEMENTATIONS = YES;
				CLANG_WARN_DIRECT_OBJC_ISA_USAGE = YES_ERROR;
				CLANG_WARN_DOCUMENTATION_COMMENTS = YES;
				CLANG_WARN_EMPTY_BODY = YES;
				CLANG_WARN_ENUM_CONVERSION = YES;
				CLANG_WARN_INFINITE_RECURSION = YES;
				CLANG_WARN_INT_CONVERSION = YES;
				CLANG_WARN_NON_LITERAL_NULL_CONVERSION = YES;
				CLANG_WARN_OBJC_IMPLICIT_RETAIN_SELF = YES;
				CLANG_WARN_OBJC_LITERAL_CONVERSION = YES;
				CLANG_WARN_OBJC_ROOT_CLASS = YES_ERROR;
				CLANG_WARN_RANGE_LOOP_ANALYSIS = YES;
				CLANG_WARN_STRICT_PROTOTYPES = YES;
				CLANG_WARN_SUSPICIOUS_MOVE = YES;
				CLANG_WARN_UNGUARDED_AVAILABILITY = YES_AGGRESSIVE;
				CLANG_WARN_UNREACHABLE_CODE = YES;
				CLANG_WARN__DUPLICATE_METHOD_MATCH = YES;
				CODE_SIGN_IDENTITY = "iPhone Developer";
				COPY_PHASE_STRIP = NO;
				DEBUG_INFORMATION_FORMAT = "dwarf-with-dsym";
				ENABLE_NS_ASSERTIONS = NO;
				ENABLE_STRICT_OBJC_MSGSEND = YES;
				GCC_C_LANGUAGE_STANDARD = gnu11;
				GCC_NO_COMMON_BLOCKS = YES;
				GCC_WARN_64_TO_32_BIT_CONVERSION = YES;
				GCC_WARN_ABOUT_RETURN_TYPE = YES_ERROR;
				GCC_WARN_UNDECLARED_SELECTOR = YES;
				GCC_WARN_UNINITIALIZED_AUTOS = YES_AGGRESSIVE;
				GCC_WARN_UNUSED_FUNCTION = YES;
				GCC_WARN_UNUSED_VARIABLE = YES;
				IPHONEOS_DEPLOYMENT_TARGET = 12.2;
				MTL_ENABLE_DEBUG_INFO = NO;
				MTL_FAST_MATH = YES;
				SDKROOT = iphoneos;
				SWIFT_COMPILATION_MODE = wholemodule;
				SWIFT_OPTIMIZATION_LEVEL = "-O";
				VALIDATE_PRODUCT = YES;
			};
			name = Release;
		};
		2B721CB122B9EE64002F3036 /* Debug */ = {
			isa = XCBuildConfiguration;
			baseConfigurationReference = A9719C583ED9343E7B0190C8 /* Pods-Marvel_alamo.debug.xcconfig */;
			buildSettings = {
				ASSETCATALOG_COMPILER_APPICON_NAME = AppIcon;
				CODE_SIGN_STYLE = Automatic;
				DEVELOPMENT_TEAM = ZJVGGN33ZQ;
				INFOPLIST_FILE = Marvel_alamo/Info.plist;
				LD_RUNPATH_SEARCH_PATHS = (
					"$(inherited)",
					"@executable_path/Frameworks",
				);
				PRODUCT_BUNDLE_IDENTIFIER = "JIJO.Marvel-alamo";
				PRODUCT_NAME = "$(TARGET_NAME)";
				SWIFT_VERSION = 5.0;
				TARGETED_DEVICE_FAMILY = "1,2";
			};
			name = Debug;
		};
		2B721CB222B9EE64002F3036 /* Release */ = {
			isa = XCBuildConfiguration;
			baseConfigurationReference = 347E0B39163DFA2252401951 /* Pods-Marvel_alamo.release.xcconfig */;
			buildSettings = {
				ASSETCATALOG_COMPILER_APPICON_NAME = AppIcon;
				CODE_SIGN_STYLE = Automatic;
				DEVELOPMENT_TEAM = ZJVGGN33ZQ;
				INFOPLIST_FILE = Marvel_alamo/Info.plist;
				LD_RUNPATH_SEARCH_PATHS = (
					"$(inherited)",
					"@executable_path/Frameworks",
				);
				PRODUCT_BUNDLE_IDENTIFIER = "JIJO.Marvel-alamo";
				PRODUCT_NAME = "$(TARGET_NAME)";
				SWIFT_VERSION = 5.0;
				TARGETED_DEVICE_FAMILY = "1,2";
			};
			name = Release;
		};
/* End XCBuildConfiguration section */

/* Begin XCConfigurationList section */
		2B721C9622B9EE61002F3036 /* Build configuration list for PBXProject "Marvel_alamo" */ = {
			isa = XCConfigurationList;
			buildConfigurations = (
				2B721CAE22B9EE64002F3036 /* Debug */,
				2B721CAF22B9EE64002F3036 /* Release */,
			);
			defaultConfigurationIsVisible = 0;
			defaultConfigurationName = Release;
		};
		2B721CB022B9EE64002F3036 /* Build configuration list for PBXNativeTarget "Marvel_alamo" */ = {
			isa = XCConfigurationList;
			buildConfigurations = (
				2B721CB122B9EE64002F3036 /* Debug */,
				2B721CB222B9EE64002F3036 /* Release */,
			);
			defaultConfigurationIsVisible = 0;
			defaultConfigurationName = Release;
		};
/* End XCConfigurationList section */

/* Begin XCVersionGroup section */
		2B721CA522B9EE61002F3036 /* Marvel_alamo.xcdatamodeld */ = {
			isa = XCVersionGroup;
			children = (
				2B721CA622B9EE61002F3036 /* Marvel_alamo.xcdatamodel */,
			);
			currentVersion = 2B721CA622B9EE61002F3036 /* Marvel_alamo.xcdatamodel */;
			path = Marvel_alamo.xcdatamodeld;
			sourceTree = "<group>";
			versionGroupType = wrapper.xcdatamodel;
		};
/* End XCVersionGroup section */
	};
	rootObject = 2B721C9322B9EE61002F3036 /* Project object */;
}
